
Microsoft Visual Studio Solution File, Format Version 12.00
# Visual Studio Version 17
VisualStudioVersion = 17.8.34322.80
MinimumVisualStudioVersion = 10.0.40219.1
Project("{FAE04EC0-301F-11D3-BF4B-00C04F79EFBC}") = "YoutubeBlog.Web", "YoutubeBlog.Web\YoutubeBlog.Web.csproj", "{FC5A2C42-4EAD-4C53-9DB6-9CA5341741B8}"
EndProject
Project("{FAE04EC0-301F-11D3-BF4B-00C04F79EFBC}") = "YoutubeBlog.Entity", "YoutubeBlog.Entity\YoutubeBlog.Entity.csproj", "{FB322F38-4607-4BCB-962F-EA4257940995}"
EndProject
Project("{FAE04EC0-301F-11D3-BF4B-00C04F79EFBC}") = "YoutubeBlog.Data", "Youtube.Data\YoutubeBlog.Data.csproj", "{A18F6B11-0DEB-4225-82F8-57783EE09849}"
EndProject
Project("{FAE04EC0-301F-11D3-BF4B-00C04F79EFBC}") = "YoutubeBlog.Service", "YoutubeBlog.Service\YoutubeBlog.Service.csproj", "{2BEC4168-5D46-4A44-A1ED-FACC98F511DD}"
EndProject
Project("{FAE04EC0-301F-11D3-BF4B-00C04F79EFBC}") = "YoutubeBlog.Core", "Youtube.Core\YoutubeBlog.Core.csproj", "{C52C26C6-C151-4BB1-95CD-0E15990B4826}"
EndProject
Global
	GlobalSection(SolutionConfigurationPlatforms) = preSolution
		Debug|Any CPU = Debug|Any CPU
		Release|Any CPU = Release|Any CPU
	EndGlobalSection
	GlobalSection(ProjectConfigurationPlatforms) = postSolution
		{FC5A2C42-4EAD-4C53-9DB6-9CA5341741B8}.Debug|Any CPU.ActiveCfg = Debug|Any CPU
		{FC5A2C42-4EAD-4C53-9DB6-9CA5341741B8}.Debug|Any CPU.Build.0 = Debug|Any CPU
		{FC5A2C42-4EAD-4C53-9DB6-9CA5341741B8}.Release|Any CPU.ActiveCfg = Release|Any CPU
		{FC5A2C42-4EAD-4C53-9DB6-9CA5341741B8}.Release|Any CPU.Build.0 = Release|Any CPU
		{FB322F38-4607-4BCB-962F-EA4257940995}.Debug|Any CPU.ActiveCfg = Debug|Any CPU
		{FB322F38-4607-4BCB-962F-EA4257940995}.Debug|Any CPU.Build.0 = Debug|Any CPU
		{FB322F38-4607-4BCB-962F-EA4257940995}.Release|Any CPU.ActiveCfg = Release|Any CPU
		{FB322F38-4607-4BCB-962F-EA4257940995}.Release|Any CPU.Build.0 = Release|Any CPU
		{A18F6B11-0DEB-4225-82F8-57783EE09849}.Debug|Any CPU.ActiveCfg = Debug|Any CPU
		{A18F6B11-0DEB-4225-82F8-57783EE09849}.Debug|Any CPU.Build.0 = Debug|Any CPU
		{A18F6B11-0DEB-4225-82F8-57783EE09849}.Release|Any CPU.ActiveCfg = Release|Any CPU
		{A18F6B11-0DEB-4225-82F8-57783EE09849}.Release|Any CPU.Build.0 = Release|Any CPU
		{2BEC4168-5D46-4A44-A1ED-FACC98F511DD}.Debug|Any CPU.ActiveCfg = Debug|Any CPU
		{2BEC4168-5D46-4A44-A1ED-FACC98F511DD}.Debug|Any CPU.Build.0 = Debug|Any CPU
		{2BEC4168-5D46-4A44-A1ED-FACC98F511DD}.Release|Any CPU.ActiveCfg = Release|Any CPU
		{2BEC4168-5D46-4A44-A1ED-FACC98F511DD}.Release|Any CPU.Build.0 = Release|Any CPU
		{C52C26C6-C151-4BB1-95CD-0E15990B4826}.Debug|Any CPU.ActiveCfg = Debug|Any CPU
		{C52C26C6-C151-4BB1-95CD-0E15990B4826}.Debug|Any CPU.Build.0 = Debug|Any CPU
		{C52C26C6-C151-4BB1-95CD-0E15990B4826}.Release|Any CPU.ActiveCfg = Release|Any CPU
		{C52C26C6-C151-4BB1-95CD-0E15990B4826}.Release|Any CPU.Build.0 = Release|Any CPU
	EndGlobalSection
	GlobalSection(SolutionProperties) = preSolution
		HideSolutionNode = FALSE
	EndGlobalSection
	GlobalSection(ExtensibilityGlobals) = postSolution
		SolutionGuid = {ABE9F1CA-DC1F-4A03-A65A-AFE3772735B0}
	EndGlobalSection
EndGlobal
